
Microsoft Visual Studio Solution File, Format Version 12.00
# Visual Studio 2012
Project("{FAE04EC0-301F-11D3-BF4B-00C04F79EFBC}") = "flair", "flair.csproj", "{646F44B4-46A6-45BA-933A-271F7B0F0AB5}"
EndProject
Global
	GlobalSection(SolutionConfigurationPlatforms) = preSolution
		Debug|Any CPU = Debug|Any CPU
		Release|Any CPU = Release|Any CPU
	EndGlobalSection
	GlobalSection(ProjectConfigurationPlatforms) = postSolution
		{646F44B4-46A6-45BA-933A-271F7B0F0AB5}.Debug|Any CPU.ActiveCfg = Debug|Any CPU
		{646F44B4-46A6-45BA-933A-271F7B0F0AB5}.Debug|Any CPU.Build.0 = Debug|Any CPU
		{646F44B4-46A6-45BA-933A-271F7B0F0AB5}.Release|Any CPU.ActiveCfg = Release|Any CPU
		{646F44B4-46A6-45BA-933A-271F7B0F0AB5}.Release|Any CPU.Build.0 = Release|Any CPU
	EndGlobalSection
	GlobalSection(SolutionProperties) = preSolution
		HideSolutionNode = FALSE
	EndGlobalSection
EndGlobal
